
Microsoft Visual Studio Solution File, Format Version 12.00
# Visual Studio Version 17
VisualStudioVersion = 17.8.34525.116
MinimumVisualStudioVersion = 10.0.40219.1
Project("{9A19103F-16F7-4668-BE54-9A1E7A4F7556}") = "SistemaVentas.Entity", "SistemaVentas.Entity\SistemaVentas.Entity.csproj", "{0ACC30F8-D7DD-4844-9CCD-E730E492B62F}"
EndProject
Project("{9A19103F-16F7-4668-BE54-9A1E7A4F7556}") = "SistemasVentas.DAL", "SistemasVentas.DAL\SistemasVentas.DAL.csproj", "{4F69158B-6E3F-4D9E-AC65-FBA1AC605102}"
EndProject
Project("{9A19103F-16F7-4668-BE54-9A1E7A4F7556}") = "SistemasVentas.BLL", "SistemasVentas.BLL\SistemasVentas.BLL.csproj", "{1E357B72-E3D1-422D-8BC6-0F95CE9F23E4}"
EndProject
Project("{9A19103F-16F7-4668-BE54-9A1E7A4F7556}") = "SistemaVentas.IOC", "SistemaVentas.IOC\SistemaVentas.IOC.csproj", "{A4286485-358C-4355-970A-1E74D82DEA31}"
EndProject
Project("{FAE04EC0-301F-11D3-BF4B-00C04F79EFBC}") = "SistemaVentas.Web", "SistemaVentas.Web\SistemaVentas.Web.csproj", "{25B5324E-37BB-4D8D-B052-B5A0D535FA1A}"
EndProject
Global
	GlobalSection(SolutionConfigurationPlatforms) = preSolution
		Debug|Any CPU = Debug|Any CPU
		Release|Any CPU = Release|Any CPU
	EndGlobalSection
	GlobalSection(ProjectConfigurationPlatforms) = postSolution
		{0ACC30F8-D7DD-4844-9CCD-E730E492B62F}.Debug|Any CPU.ActiveCfg = Debug|Any CPU
		{0ACC30F8-D7DD-4844-9CCD-E730E492B62F}.Debug|Any CPU.Build.0 = Debug|Any CPU
		{0ACC30F8-D7DD-4844-9CCD-E730E492B62F}.Release|Any CPU.ActiveCfg = Release|Any CPU
		{0ACC30F8-D7DD-4844-9CCD-E730E492B62F}.Release|Any CPU.Build.0 = Release|Any CPU
		{4F69158B-6E3F-4D9E-AC65-FBA1AC605102}.Debug|Any CPU.ActiveCfg = Debug|Any CPU
		{4F69158B-6E3F-4D9E-AC65-FBA1AC605102}.Debug|Any CPU.Build.0 = Debug|Any CPU
		{4F69158B-6E3F-4D9E-AC65-FBA1AC605102}.Release|Any CPU.ActiveCfg = Release|Any CPU
		{4F69158B-6E3F-4D9E-AC65-FBA1AC605102}.Release|Any CPU.Build.0 = Release|Any CPU
		{1E357B72-E3D1-422D-8BC6-0F95CE9F23E4}.Debug|Any CPU.ActiveCfg = Debug|Any CPU
		{1E357B72-E3D1-422D-8BC6-0F95CE9F23E4}.Debug|Any CPU.Build.0 = Debug|Any CPU
		{1E357B72-E3D1-422D-8BC6-0F95CE9F23E4}.Release|Any CPU.ActiveCfg = Release|Any CPU
		{1E357B72-E3D1-422D-8BC6-0F95CE9F23E4}.Release|Any CPU.Build.0 = Release|Any CPU
		{A4286485-358C-4355-970A-1E74D82DEA31}.Debug|Any CPU.ActiveCfg = Debug|Any CPU
		{A4286485-358C-4355-970A-1E74D82DEA31}.Debug|Any CPU.Build.0 = Debug|Any CPU
		{A4286485-358C-4355-970A-1E74D82DEA31}.Release|Any CPU.ActiveCfg = Release|Any CPU
		{A4286485-358C-4355-970A-1E74D82DEA31}.Release|Any CPU.Build.0 = Release|Any CPU
		{25B5324E-37BB-4D8D-B052-B5A0D535FA1A}.Debug|Any CPU.ActiveCfg = Debug|Any CPU
		{25B5324E-37BB-4D8D-B052-B5A0D535FA1A}.Debug|Any CPU.Build.0 = Debug|Any CPU
		{25B5324E-37BB-4D8D-B052-B5A0D535FA1A}.Release|Any CPU.ActiveCfg = Release|Any CPU
		{25B5324E-37BB-4D8D-B052-B5A0D535FA1A}.Release|Any CPU.Build.0 = Release|Any CPU
	EndGlobalSection
	GlobalSection(SolutionProperties) = preSolution
		HideSolutionNode = FALSE
	EndGlobalSection
	GlobalSection(ExtensibilityGlobals) = postSolution
		SolutionGuid = {0BC555C7-2108-4691-98D5-8CD9624CF88A}
	EndGlobalSection
EndGlobal
